
Microsoft Visual Studio Solution File, Format Version 12.00
# Visual Studio Version 17
VisualStudioVersion = 17.0.31903.59
MinimumVisualStudioVersion = 10.0.40219.1
Project("{2150E333-8FDC-42A3-9474-1A3956D46DE8}") = "1-Services", "1-Services", "{A9E2B54A-1C0F-4D9A-9F38-5E7E76F5E7A1}"
EndProject
Project("{2150E333-8FDC-42A3-9474-1A3956D46DE8}") = "2-Application", "2-Application", "{B3C0B699-9CDE-4AA1-9A1C-1F5B1B0A09CD}"
EndProject
Project("{2150E333-8FDC-42A3-9474-1A3956D46DE8}") = "3-Domain", "3-Domain", "{C6F1F6E4-9F6D-4B0E-9F7B-3E5ACF0F8C1F}"
EndProject
Project("{2150E333-8FDC-42A3-9474-1A3956D46DE8}") = "4-Infra", "4-Infra", "{D8B4B9F3-2D5B-4CC4-9A4E-7C0DAB8C9B1E}"
EndProject
Project("{2150E333-8FDC-42A3-9474-1A3956D46DE8}") = "5-Tests", "5-Tests", "{E1C3D2F5-0F6A-4DAE-9C1F-1B2C3D4E5F6A}"
EndProject
Project("{FAE04EC0-301F-11D3-BF4B-00C04F79EFBC}") = "ModernizationPlatform.Worker", "1-Services\ModernizationPlatform.Worker\ModernizationPlatform.Worker.csproj", "{F5F1E823-6E4E-4B23-B8F2-7D63F15D3E39}"
EndProject
Project("{FAE04EC0-301F-11D3-BF4B-00C04F79EFBC}") = "ModernizationPlatform.Worker.Application", "2-Application\ModernizationPlatform.Worker.Application\ModernizationPlatform.Worker.Application.csproj", "{A8C8D6F1-8F8B-4C1C-9F78-6B84A2E3CF25}"
EndProject
Project("{FAE04EC0-301F-11D3-BF4B-00C04F79EFBC}") = "ModernizationPlatform.Worker.Domain", "3-Domain\ModernizationPlatform.Worker.Domain\ModernizationPlatform.Worker.Domain.csproj", "{B11B4D8E-7333-4E66-A90F-7A7E6D4BBF77}"
EndProject
Project("{FAE04EC0-301F-11D3-BF4B-00C04F79EFBC}") = "ModernizationPlatform.Worker.Infra.CopilotSdk", "4-Infra\ModernizationPlatform.Worker.Infra.CopilotSdk\ModernizationPlatform.Worker.Infra.CopilotSdk.csproj", "{C7E8C91F-59CB-4A8C-9B8E-8FAF6B5E2E71}"
EndProject
Project("{FAE04EC0-301F-11D3-BF4B-00C04F79EFBC}") = "ModernizationPlatform.Worker.Infra.Messaging", "4-Infra\ModernizationPlatform.Worker.Infra.Messaging\ModernizationPlatform.Worker.Infra.Messaging.csproj", "{D312BAF3-0C3C-4B9B-9B77-A6A2E19B3A1D}"
EndProject
Project("{FAE04EC0-301F-11D3-BF4B-00C04F79EFBC}") = "ModernizationPlatform.Worker.UnitTests", "5-Tests\ModernizationPlatform.Worker.UnitTests\ModernizationPlatform.Worker.UnitTests.csproj", "{E5D2C4FA-3D88-4E4F-A3DF-3A5C6B7D8E9F}"
EndProject
Project("{FAE04EC0-301F-11D3-BF4B-00C04F79EFBC}") = "ModernizationPlatform.Worker.IntegrationTests", "5-Tests\ModernizationPlatform.Worker.IntegrationTests\ModernizationPlatform.Worker.IntegrationTests.csproj", "{F0A1B2C3-D4E5-4F60-A1B2-C3D4E5F60789}"
EndProject
Global
	GlobalSection(SolutionConfigurationPlatforms) = preSolution
		Debug|Any CPU = Debug|Any CPU
		Debug|x64 = Debug|x64
		Debug|x86 = Debug|x86
		Release|Any CPU = Release|Any CPU
		Release|x64 = Release|x64
		Release|x86 = Release|x86
	EndGlobalSection
	GlobalSection(ProjectConfigurationPlatforms) = postSolution
		{F5F1E823-6E4E-4B23-B8F2-7D63F15D3E39}.Debug|Any CPU.ActiveCfg = Debug|Any CPU
		{F5F1E823-6E4E-4B23-B8F2-7D63F15D3E39}.Debug|Any CPU.Build.0 = Debug|Any CPU
		{F5F1E823-6E4E-4B23-B8F2-7D63F15D3E39}.Debug|x64.ActiveCfg = Debug|Any CPU
		{F5F1E823-6E4E-4B23-B8F2-7D63F15D3E39}.Debug|x64.Build.0 = Debug|Any CPU
		{F5F1E823-6E4E-4B23-B8F2-7D63F15D3E39}.Debug|x86.ActiveCfg = Debug|Any CPU
		{F5F1E823-6E4E-4B23-B8F2-7D63F15D3E39}.Debug|x86.Build.0 = Debug|Any CPU
		{F5F1E823-6E4E-4B23-B8F2-7D63F15D3E39}.Release|Any CPU.ActiveCfg = Release|Any CPU
		{F5F1E823-6E4E-4B23-B8F2-7D63F15D3E39}.Release|Any CPU.Build.0 = Release|Any CPU
		{F5F1E823-6E4E-4B23-B8F2-7D63F15D3E39}.Release|x64.ActiveCfg = Release|Any CPU
		{F5F1E823-6E4E-4B23-B8F2-7D63F15D3E39}.Release|x64.Build.0 = Release|Any CPU
		{F5F1E823-6E4E-4B23-B8F2-7D63F15D3E39}.Release|x86.ActiveCfg = Release|Any CPU
		{F5F1E823-6E4E-4B23-B8F2-7D63F15D3E39}.Release|x86.Build.0 = Release|Any CPU
		{A8C8D6F1-8F8B-4C1C-9F78-6B84A2E3CF25}.Debug|Any CPU.ActiveCfg = Debug|Any CPU
		{A8C8D6F1-8F8B-4C1C-9F78-6B84A2E3CF25}.Debug|Any CPU.Build.0 = Debug|Any CPU
		{A8C8D6F1-8F8B-4C1C-9F78-6B84A2E3CF25}.Debug|x64.ActiveCfg = Debug|Any CPU
		{A8C8D6F1-8F8B-4C1C-9F78-6B84A2E3CF25}.Debug|x64.Build.0 = Debug|Any CPU
		{A8C8D6F1-8F8B-4C1C-9F78-6B84A2E3CF25}.Debug|x86.ActiveCfg = Debug|Any CPU
		{A8C8D6F1-8F8B-4C1C-9F78-6B84A2E3CF25}.Debug|x86.Build.0 = Debug|Any CPU
		{A8C8D6F1-8F8B-4C1C-9F78-6B84A2E3CF25}.Release|Any CPU.ActiveCfg = Release|Any CPU
		{A8C8D6F1-8F8B-4C1C-9F78-6B84A2E3CF25}.Release|Any CPU.Build.0 = Release|Any CPU
		{A8C8D6F1-8F8B-4C1C-9F78-6B84A2E3CF25}.Release|x64.ActiveCfg = Release|Any CPU
		{A8C8D6F1-8F8B-4C1C-9F78-6B84A2E3CF25}.Release|x64.Build.0 = Release|Any CPU
		{A8C8D6F1-8F8B-4C1C-9F78-6B84A2E3CF25}.Release|x86.ActiveCfg = Release|Any CPU
		{A8C8D6F1-8F8B-4C1C-9F78-6B84A2E3CF25}.Release|x86.Build.0 = Release|Any CPU
		{B11B4D8E-7333-4E66-A90F-7A7E6D4BBF77}.Debug|Any CPU.ActiveCfg = Debug|Any CPU
		{B11B4D8E-7333-4E66-A90F-7A7E6D4BBF77}.Debug|Any CPU.Build.0 = Debug|Any CPU
		{B11B4D8E-7333-4E66-A90F-7A7E6D4BBF77}.Debug|x64.ActiveCfg = Debug|Any CPU
		{B11B4D8E-7333-4E66-A90F-7A7E6D4BBF77}.Debug|x64.Build.0 = Debug|Any CPU
		{B11B4D8E-7333-4E66-A90F-7A7E6D4BBF77}.Debug|x86.ActiveCfg = Debug|Any CPU
		{B11B4D8E-7333-4E66-A90F-7A7E6D4BBF77}.Debug|x86.Build.0 = Debug|Any CPU
		{B11B4D8E-7333-4E66-A90F-7A7E6D4BBF77}.Release|Any CPU.ActiveCfg = Release|Any CPU
		{B11B4D8E-7333-4E66-A90F-7A7E6D4BBF77}.Release|Any CPU.Build.0 = Release|Any CPU
		{B11B4D8E-7333-4E66-A90F-7A7E6D4BBF77}.Release|x64.ActiveCfg = Release|Any CPU
		{B11B4D8E-7333-4E66-A90F-7A7E6D4BBF77}.Release|x64.Build.0 = Release|Any CPU
		{B11B4D8E-7333-4E66-A90F-7A7E6D4BBF77}.Release|x86.ActiveCfg = Release|Any CPU
		{B11B4D8E-7333-4E66-A90F-7A7E6D4BBF77}.Release|x86.Build.0 = Release|Any CPU
		{C7E8C91F-59CB-4A8C-9B8E-8FAF6B5E2E71}.Debug|Any CPU.ActiveCfg = Debug|Any CPU
		{C7E8C91F-59CB-4A8C-9B8E-8FAF6B5E2E71}.Debug|Any CPU.Build.0 = Debug|Any CPU
		{C7E8C91F-59CB-4A8C-9B8E-8FAF6B5E2E71}.Debug|x64.ActiveCfg = Debug|Any CPU
		{C7E8C91F-59CB-4A8C-9B8E-8FAF6B5E2E71}.Debug|x64.Build.0 = Debug|Any CPU
		{C7E8C91F-59CB-4A8C-9B8E-8FAF6B5E2E71}.Debug|x86.ActiveCfg = Debug|Any CPU
		{C7E8C91F-59CB-4A8C-9B8E-8FAF6B5E2E71}.Debug|x86.Build.0 = Debug|Any CPU
		{C7E8C91F-59CB-4A8C-9B8E-8FAF6B5E2E71}.Release|Any CPU.ActiveCfg = Release|Any CPU
		{C7E8C91F-59CB-4A8C-9B8E-8FAF6B5E2E71}.Release|Any CPU.Build.0 = Release|Any CPU
		{C7E8C91F-59CB-4A8C-9B8E-8FAF6B5E2E71}.Release|x64.ActiveCfg = Release|Any CPU
		{C7E8C91F-59CB-4A8C-9B8E-8FAF6B5E2E71}.Release|x64.Build.0 = Release|Any CPU
		{C7E8C91F-59CB-4A8C-9B8E-8FAF6B5E2E71}.Release|x86.ActiveCfg = Release|Any CPU
		{C7E8C91F-59CB-4A8C-9B8E-8FAF6B5E2E71}.Release|x86.Build.0 = Release|Any CPU
		{D312BAF3-0C3C-4B9B-9B77-A6A2E19B3A1D}.Debug|Any CPU.ActiveCfg = Debug|Any CPU
		{D312BAF3-0C3C-4B9B-9B77-A6A2E19B3A1D}.Debug|Any CPU.Build.0 = Debug|Any CPU
		{D312BAF3-0C3C-4B9B-9B77-A6A2E19B3A1D}.Debug|x64.ActiveCfg = Debug|Any CPU
		{D312BAF3-0C3C-4B9B-9B77-A6A2E19B3A1D}.Debug|x64.Build.0 = Debug|Any CPU
		{D312BAF3-0C3C-4B9B-9B77-A6A2E19B3A1D}.Debug|x86.ActiveCfg = Debug|Any CPU
		{D312BAF3-0C3C-4B9B-9B77-A6A2E19B3A1D}.Debug|x86.Build.0 = Debug|Any CPU
		{D312BAF3-0C3C-4B9B-9B77-A6A2E19B3A1D}.Release|Any CPU.ActiveCfg = Release|Any CPU
		{D312BAF3-0C3C-4B9B-9B77-A6A2E19B3A1D}.Release|Any CPU.Build.0 = Release|Any CPU
		{D312BAF3-0C3C-4B9B-9B77-A6A2E19B3A1D}.Release|x64.ActiveCfg = Release|Any CPU
		{D312BAF3-0C3C-4B9B-9B77-A6A2E19B3A1D}.Release|x64.Build.0 = Release|Any CPU
		{D312BAF3-0C3C-4B9B-9B77-A6A2E19B3A1D}.Release|x86.ActiveCfg = Release|Any CPU
		{D312BAF3-0C3C-4B9B-9B77-A6A2E19B3A1D}.Release|x86.Build.0 = Release|Any CPU
		{E5D2C4FA-3D88-4E4F-A3DF-3A5C6B7D8E9F}.Debug|Any CPU.ActiveCfg = Debug|Any CPU
		{E5D2C4FA-3D88-4E4F-A3DF-3A5C6B7D8E9F}.Debug|Any CPU.Build.0 = Debug|Any CPU
		{E5D2C4FA-3D88-4E4F-A3DF-3A5C6B7D8E9F}.Debug|x64.ActiveCfg = Debug|Any CPU
		{E5D2C4FA-3D88-4E4F-A3DF-3A5C6B7D8E9F}.Debug|x64.Build.0 = Debug|Any CPU
		{E5D2C4FA-3D88-4E4F-A3DF-3A5C6B7D8E9F}.Debug|x86.ActiveCfg = Debug|Any CPU
		{E5D2C4FA-3D88-4E4F-A3DF-3A5C6B7D8E9F}.Debug|x86.Build.0 = Debug|Any CPU
		{E5D2C4FA-3D88-4E4F-A3DF-3A5C6B7D8E9F}.Release|Any CPU.ActiveCfg = Release|Any CPU
		{E5D2C4FA-3D88-4E4F-A3DF-3A5C6B7D8E9F}.Release|Any CPU.Build.0 = Release|Any CPU
		{E5D2C4FA-3D88-4E4F-A3DF-3A5C6B7D8E9F}.Release|x64.ActiveCfg = Release|Any CPU
		{E5D2C4FA-3D88-4E4F-A3DF-3A5C6B7D8E9F}.Release|x64.Build.0 = Release|Any CPU
		{E5D2C4FA-3D88-4E4F-A3DF-3A5C6B7D8E9F}.Release|x86.ActiveCfg = Release|Any CPU
		{E5D2C4FA-3D88-4E4F-A3DF-3A5C6B7D8E9F}.Release|x86.Build.0 = Release|Any CPU
		{F0A1B2C3-D4E5-4F60-A1B2-C3D4E5F60789}.Debug|Any CPU.ActiveCfg = Debug|Any CPU
		{F0A1B2C3-D4E5-4F60-A1B2-C3D4E5F60789}.Debug|Any CPU.Build.0 = Debug|Any CPU
		{F0A1B2C3-D4E5-4F60-A1B2-C3D4E5F60789}.Debug|x64.ActiveCfg = Debug|Any CPU
		{F0A1B2C3-D4E5-4F60-A1B2-C3D4E5F60789}.Debug|x64.Build.0 = Debug|Any CPU
		{F0A1B2C3-D4E5-4F60-A1B2-C3D4E5F60789}.Debug|x86.ActiveCfg = Debug|Any CPU
		{F0A1B2C3-D4E5-4F60-A1B2-C3D4E5F60789}.Debug|x86.Build.0 = Debug|Any CPU
		{F0A1B2C3-D4E5-4F60-A1B2-C3D4E5F60789}.Release|Any CPU.ActiveCfg = Release|Any CPU
		{F0A1B2C3-D4E5-4F60-A1B2-C3D4E5F60789}.Release|Any CPU.Build.0 = Release|Any CPU
		{F0A1B2C3-D4E5-4F60-A1B2-C3D4E5F60789}.Release|x64.ActiveCfg = Release|Any CPU
		{F0A1B2C3-D4E5-4F60-A1B2-C3D4E5F60789}.Release|x64.Build.0 = Release|Any CPU
		{F0A1B2C3-D4E5-4F60-A1B2-C3D4E5F60789}.Release|x86.ActiveCfg = Release|Any CPU
		{F0A1B2C3-D4E5-4F60-A1B2-C3D4E5F60789}.Release|x86.Build.0 = Release|Any CPU
	EndGlobalSection
	GlobalSection(SolutionProperties) = preSolution
		HideSolutionNode = FALSE
	EndGlobalSection
	GlobalSection(NestedProjects) = preSolution
		{F5F1E823-6E4E-4B23-B8F2-7D63F15D3E39} = {A9E2B54A-1C0F-4D9A-9F38-5E7E76F5E7A1}
		{A8C8D6F1-8F8B-4C1C-9F78-6B84A2E3CF25} = {B3C0B699-9CDE-4AA1-9A1C-1F5B1B0A09CD}
		{B11B4D8E-7333-4E66-A90F-7A7E6D4BBF77} = {C6F1F6E4-9F6D-4B0E-9F7B-3E5ACF0F8C1F}
		{C7E8C91F-59CB-4A8C-9B8E-8FAF6B5E2E71} = {D8B4B9F3-2D5B-4CC4-9A4E-7C0DAB8C9B1E}
		{D312BAF3-0C3C-4B9B-9B77-A6A2E19B3A1D} = {D8B4B9F3-2D5B-4CC4-9A4E-7C0DAB8C9B1E}
		{E5D2C4FA-3D88-4E4F-A3DF-3A5C6B7D8E9F} = {E1C3D2F5-0F6A-4DAE-9C1F-1B2C3D4E5F6A}
		{F0A1B2C3-D4E5-4F60-A1B2-C3D4E5F60789} = {E1C3D2F5-0F6A-4DAE-9C1F-1B2C3D4E5F6A}
	EndGlobalSection
EndGlobal
